
Microsoft Visual Studio Solution File, Format Version 12.00
# Visual Studio Version 17
VisualStudioVersion = 17.14.36811.4
MinimumVisualStudioVersion = 10.0.40219.1
Project("{FAE04EC0-301F-11D3-BF4B-00C04F79EFBC}") = "Seph.Principal", "Seph.Principal\Seph.Principal.csproj", "{AA9648D9-BB8A-4562-A60B-3FA266A8778A}"
EndProject
Project("{FAE04EC0-301F-11D3-BF4B-00C04F79EFBC}") = "Seph.Principal.Infraestructure", "Seph.Principal.Infraestructure\Seph.Principal.Infraestructure.csproj", "{1140B6F9-4DDE-436E-8CEC-F3A762861F0C}"
EndProject
Global
	GlobalSection(SolutionConfigurationPlatforms) = preSolution
		Debug|Any CPU = Debug|Any CPU
		Release|Any CPU = Release|Any CPU
	EndGlobalSection
	GlobalSection(ProjectConfigurationPlatforms) = postSolution
		{AA9648D9-BB8A-4562-A60B-3FA266A8778A}.Debug|Any CPU.ActiveCfg = Debug|Any CPU
		{AA9648D9-BB8A-4562-A60B-3FA266A8778A}.Debug|Any CPU.Build.0 = Debug|Any CPU
		{AA9648D9-BB8A-4562-A60B-3FA266A8778A}.Release|Any CPU.ActiveCfg = Release|Any CPU
		{AA9648D9-BB8A-4562-A60B-3FA266A8778A}.Release|Any CPU.Build.0 = Release|Any CPU
		{1140B6F9-4DDE-436E-8CEC-F3A762861F0C}.Debug|Any CPU.ActiveCfg = Debug|Any CPU
		{1140B6F9-4DDE-436E-8CEC-F3A762861F0C}.Debug|Any CPU.Build.0 = Debug|Any CPU
		{1140B6F9-4DDE-436E-8CEC-F3A762861F0C}.Release|Any CPU.ActiveCfg = Release|Any CPU
		{1140B6F9-4DDE-436E-8CEC-F3A762861F0C}.Release|Any CPU.Build.0 = Release|Any CPU
	EndGlobalSection
	GlobalSection(SolutionProperties) = preSolution
		HideSolutionNode = FALSE
	EndGlobalSection
	GlobalSection(ExtensibilityGlobals) = postSolution
		SolutionGuid = {FE5364AC-774F-4526-A85B-28267C1530C9}
	EndGlobalSection
EndGlobal
